// !$*UTF8*$!
{
	archiveVersion = 1;
	classes = {
	};
	objectVersion = 46;
	objects = {

/* Begin PBXBuildFile section */
		71726012244C995400B76515 /* Settings.bundle in Resources */ = {isa = PBXBuildFile; fileRef = 71726011244C995400B76515 /* Settings.bundle */; settings = {ASSET_TAGS = (); }; };
		7188CDFC242CD48E002541FD /* EditController.swift in Sources */ = {isa = PBXBuildFile; fileRef = 7188CDFB242CD48E002541FD /* EditController.swift */; settings = {ASSET_TAGS = (); }; };
		719867B42449861000D8BDEA /* DatePickerController.swift in Sources */ = {isa = PBXBuildFile; fileRef = 719867B32449861000D8BDEA /* DatePickerController.swift */; settings = {ASSET_TAGS = (); }; };
		719867B6244C82B700D8BDEA /* MessageController.swift in Sources */ = {isa = PBXBuildFile; fileRef = 719867B5244C82B700D8BDEA /* MessageController.swift */; settings = {ASSET_TAGS = (); }; };
		71CF1972240BEE10006EB9E0 /* AppDelegate.swift in Sources */ = {isa = PBXBuildFile; fileRef = 71CF1971240BEE10006EB9E0 /* AppDelegate.swift */; };
		71CF1974240BEE10006EB9E0 /* ViewController.swift in Sources */ = {isa = PBXBuildFile; fileRef = 71CF1973240BEE10006EB9E0 /* ViewController.swift */; };
		71CF1977240BEE10006EB9E0 /* Main.storyboard in Resources */ = {isa = PBXBuildFile; fileRef = 71CF1975240BEE10006EB9E0 /* Main.storyboard */; };
		71CF1979240BEE10006EB9E0 /* Assets.xcassets in Resources */ = {isa = PBXBuildFile; fileRef = 71CF1978240BEE10006EB9E0 /* Assets.xcassets */; };
		71CF197C240BEE10006EB9E0 /* LaunchScreen.storyboard in Resources */ = {isa = PBXBuildFile; fileRef = 71CF197A240BEE10006EB9E0 /* LaunchScreen.storyboard */; };
		71CF1984240BF7D8006EB9E0 /* NewProjectViewController.swift in Sources */ = {isa = PBXBuildFile; fileRef = 71CF1983240BF7D8006EB9E0 /* NewProjectViewController.swift */; settings = {ASSET_TAGS = (); }; };
		71CF65A22424E6C300F43EB9 /* PopUpController.swift in Sources */ = {isa = PBXBuildFile; fileRef = 71CF65A12424E6C300F43EB9 /* PopUpController.swift */; settings = {ASSET_TAGS = (); }; };
		71CF65A62424F38100F43EB9 /* ProtocolCell.swift in Sources */ = {isa = PBXBuildFile; fileRef = 71CF65A52424F38100F43EB9 /* ProtocolCell.swift */; settings = {ASSET_TAGS = (); }; };
		71D07750241D24CC00A8D2DD /* TableViewController.swift in Sources */ = {isa = PBXBuildFile; fileRef = 71D0774F241D24CC00A8D2DD /* TableViewController.swift */; settings = {ASSET_TAGS = (); }; };
		71D07757241D359200A8D2DD /* CustomTableViewCell.swift in Sources */ = {isa = PBXBuildFile; fileRef = 71D07755241D359200A8D2DD /* CustomTableViewCell.swift */; settings = {ASSET_TAGS = (); }; };
		71D07758241D359200A8D2DD /* CustomTableViewCell.xib in Resources */ = {isa = PBXBuildFile; fileRef = 71D07756241D359200A8D2DD /* CustomTableViewCell.xib */; settings = {ASSET_TAGS = (); }; };
		71D0775A241D7EF500A8D2DD /* BrochureController.swift in Sources */ = {isa = PBXBuildFile; fileRef = 71D07759241D7EF500A8D2DD /* BrochureController.swift */; settings = {ASSET_TAGS = (); }; };
		71D32876241EB38F005FB448 /* NewTaskController.swift in Sources */ = {isa = PBXBuildFile; fileRef = 71D32875241EB38F005FB448 /* NewTaskController.swift */; settings = {ASSET_TAGS = (); }; };
/* End PBXBuildFile section */

/* Begin PBXFileReference section */
		71726011244C995400B76515 /* Settings.bundle */ = {isa = PBXFileReference; lastKnownFileType = "wrapper.plug-in"; path = Settings.bundle; sourceTree = "<group>"; };
		7188CDFB242CD48E002541FD /* EditController.swift */ = {isa = PBXFileReference; fileEncoding = 4; lastKnownFileType = sourcecode.swift; path = EditController.swift; sourceTree = "<group>"; };
		719867B32449861000D8BDEA /* DatePickerController.swift */ = {isa = PBXFileReference; fileEncoding = 4; lastKnownFileType = sourcecode.swift; path = DatePickerController.swift; sourceTree = "<group>"; };
		719867B5244C82B700D8BDEA /* MessageController.swift */ = {isa = PBXFileReference; fileEncoding = 4; lastKnownFileType = sourcecode.swift; path = MessageController.swift; sourceTree = "<group>"; };
		71CF196E240BEE10006EB9E0 /* Timer.app */ = {isa = PBXFileReference; explicitFileType = wrapper.application; includeInIndex = 0; path = Timer.app; sourceTree = BUILT_PRODUCTS_DIR; };
		71CF1971240BEE10006EB9E0 /* AppDelegate.swift */ = {isa = PBXFileReference; lastKnownFileType = sourcecode.swift; path = AppDelegate.swift; sourceTree = "<group>"; };
		71CF1973240BEE10006EB9E0 /* ViewController.swift */ = {isa = PBXFileReference; lastKnownFileType = sourcecode.swift; path = ViewController.swift; sourceTree = "<group>"; };
		71CF1976240BEE10006EB9E0 /* Base */ = {isa = PBXFileReference; lastKnownFileType = file.storyboard; name = Base; path = Base.lproj/Main.storyboard; sourceTree = "<group>"; };
		71CF1978240BEE10006EB9E0 /* Assets.xcassets */ = {isa = PBXFileReference; lastKnownFileType = folder.assetcatalog; path = Assets.xcassets; sourceTree = "<group>"; };
		71CF197B240BEE10006EB9E0 /* Base */ = {isa = PBXFileReference; lastKnownFileType = file.storyboard; name = Base; path = Base.lproj/LaunchScreen.storyboard; sourceTree = "<group>"; };
		71CF197D240BEE10006EB9E0 /* Info.plist */ = {isa = PBXFileReference; lastKnownFileType = text.plist.xml; path = Info.plist; sourceTree = "<group>"; };
		71CF1983240BF7D8006EB9E0 /* NewProjectViewController.swift */ = {isa = PBXFileReference; fileEncoding = 4; lastKnownFileType = sourcecode.swift; path = NewProjectViewController.swift; sourceTree = "<group>"; };
		71CF65A12424E6C300F43EB9 /* PopUpController.swift */ = {isa = PBXFileReference; fileEncoding = 4; lastKnownFileType = sourcecode.swift; path = PopUpController.swift; sourceTree = "<group>"; };
		71CF65A52424F38100F43EB9 /* ProtocolCell.swift */ = {isa = PBXFileReference; fileEncoding = 4; lastKnownFileType = sourcecode.swift; name = ProtocolCell.swift; path = ../ProtocolCell.swift; sourceTree = "<group>"; };
		71D0774F241D24CC00A8D2DD /* TableViewController.swift */ = {isa = PBXFileReference; fileEncoding = 4; lastKnownFileType = sourcecode.swift; path = TableViewController.swift; sourceTree = "<group>"; };
		71D07755241D359200A8D2DD /* CustomTableViewCell.swift */ = {isa = PBXFileReference; fileEncoding = 4; lastKnownFileType = sourcecode.swift; path = CustomTableViewCell.swift; sourceTree = "<group>"; };
		71D07756241D359200A8D2DD /* CustomTableViewCell.xib */ = {isa = PBXFileReference; fileEncoding = 4; lastKnownFileType = file.xib; path = CustomTableViewCell.xib; sourceTree = "<group>"; };
		71D07759241D7EF500A8D2DD /* BrochureController.swift */ = {isa = PBXFileReference; fileEncoding = 4; lastKnownFileType = sourcecode.swift; path = BrochureController.swift; sourceTree = "<group>"; };
		71D32875241EB38F005FB448 /* NewTaskController.swift */ = {isa = PBXFileReference; fileEncoding = 4; lastKnownFileType = sourcecode.swift; path = NewTaskController.swift; sourceTree = "<group>"; };
/* End PBXFileReference section */

/* Begin PBXFrameworksBuildPhase section */
		71CF196B240BEE10006EB9E0 /* Frameworks */ = {
			isa = PBXFrameworksBuildPhase;
			buildActionMask = 2147483647;
			files = (
			);
			runOnlyForDeploymentPostprocessing = 0;
		};
/* End PBXFrameworksBuildPhase section */

/* Begin PBXGroup section */
		71CF1965240BEE10006EB9E0 = {
			isa = PBXGroup;
			children = (
				71726011244C995400B76515 /* Settings.bundle */,
				71CF1970240BEE10006EB9E0 /* Timer */,
				71CF196F240BEE10006EB9E0 /* Products */,
			);
			sourceTree = "<group>";
		};
		71CF196F240BEE10006EB9E0 /* Products */ = {
			isa = PBXGroup;
			children = (
				71CF196E240BEE10006EB9E0 /* Timer.app */,
			);
			name = Products;
			sourceTree = "<group>";
		};
		71CF1970240BEE10006EB9E0 /* Timer */ = {
			isa = PBXGroup;
			children = (
				71CF1971240BEE10006EB9E0 /* AppDelegate.swift */,
				71CF197A240BEE10006EB9E0 /* LaunchScreen.storyboard */,
				71CF1975240BEE10006EB9E0 /* Main.storyboard */,
				719867B5244C82B700D8BDEA /* MessageController.swift */,
				719867B32449861000D8BDEA /* DatePickerController.swift */,
				71CF1973240BEE10006EB9E0 /* ViewController.swift */,
				71CF65A12424E6C300F43EB9 /* PopUpController.swift */,
				7188CDFB242CD48E002541FD /* EditController.swift */,
				71D07759241D7EF500A8D2DD /* BrochureController.swift */,
				71CF1983240BF7D8006EB9E0 /* NewProjectViewController.swift */,
				71D0774F241D24CC00A8D2DD /* TableViewController.swift */,
				71D32875241EB38F005FB448 /* NewTaskController.swift */,
				71D07755241D359200A8D2DD /* CustomTableViewCell.swift */,
				71D07756241D359200A8D2DD /* CustomTableViewCell.xib */,
				71CF65A52424F38100F43EB9 /* ProtocolCell.swift */,
				71CF1978240BEE10006EB9E0 /* Assets.xcassets */,
				71CF197D240BEE10006EB9E0 /* Info.plist */,
			);
			path = Timer;
			sourceTree = "<group>";
		};
/* End PBXGroup section */

/* Begin PBXNativeTarget section */
		71CF196D240BEE10006EB9E0 /* Timer */ = {
			isa = PBXNativeTarget;
			buildConfigurationList = 71CF1980240BEE10006EB9E0 /* Build configuration list for PBXNativeTarget "Timer" */;
			buildPhases = (
				71CF196A240BEE10006EB9E0 /* Sources */,
				71CF196B240BEE10006EB9E0 /* Frameworks */,
				71CF196C240BEE10006EB9E0 /* Resources */,
			);
			buildRules = (
			);
			dependencies = (
			);
			name = Timer;
			productName = Timer;
			productReference = 71CF196E240BEE10006EB9E0 /* Timer.app */;
			productType = "com.apple.product-type.application";
		};
/* End PBXNativeTarget section */

/* Begin PBXProject section */
		71CF1966240BEE10006EB9E0 /* Project object */ = {
			isa = PBXProject;
			attributes = {
				LastUpgradeCheck = 0700;
				ORGANIZATIONNAME = maxime;
				TargetAttributes = {
					71CF196D240BEE10006EB9E0 = {
						CreatedOnToolsVersion = 7.0.1;
					};
				};
			};
			buildConfigurationList = 71CF1969240BEE10006EB9E0 /* Build configuration list for PBXProject "Timer" */;
			compatibilityVersion = "Xcode 3.2";
			developmentRegion = English;
			hasScannedForEncodings = 0;
			knownRegions = (
				en,
				Base,
			);
			mainGroup = 71CF1965240BEE10006EB9E0;
			productRefGroup = 71CF196F240BEE10006EB9E0 /* Products */;
			projectDirPath = "";
			projectRoot = "";
			targets = (
				71CF196D240BEE10006EB9E0 /* Timer */,
			);
		};
/* End PBXProject section */

/* Begin PBXResourcesBuildPhase section */
		71CF196C240BEE10006EB9E0 /* Resources */ = {
			isa = PBXResourcesBuildPhase;
			buildActionMask = 2147483647;
			files = (
				71CF197C240BEE10006EB9E0 /* LaunchScreen.storyboard in Resources */,
				71CF1979240BEE10006EB9E0 /* Assets.xcassets in Resources */,
				71726012244C995400B76515 /* Settings.bundle in Resources */,
				71D07758241D359200A8D2DD /* CustomTableViewCell.xib in Resources */,
				71CF1977240BEE10006EB9E0 /* Main.storyboard in Resources */,
			);
			runOnlyForDeploymentPostprocessing = 0;
		};
/* End PBXResourcesBuildPhase section */

/* Begin PBXSourcesBuildPhase section */
		71CF196A240BEE10006EB9E0 /* Sources */ = {
			isa = PBXSourcesBuildPhase;
			buildActionMask = 2147483647;
			files = (
				71CF65A22424E6C300F43EB9 /* PopUpController.swift in Sources */,
				719867B42449861000D8BDEA /* DatePickerController.swift in Sources */,
				71CF1974240BEE10006EB9E0 /* ViewController.swift in Sources */,
				71D07757241D359200A8D2DD /* CustomTableViewCell.swift in Sources */,
				71CF1984240BF7D8006EB9E0 /* NewProjectViewController.swift in Sources */,
				71D32876241EB38F005FB448 /* NewTaskController.swift in Sources */,
				7188CDFC242CD48E002541FD /* EditController.swift in Sources */,
				719867B6244C82B700D8BDEA /* MessageController.swift in Sources */,
				71CF1972240BEE10006EB9E0 /* AppDelegate.swift in Sources */,
				71D07750241D24CC00A8D2DD /* TableViewController.swift in Sources */,
				71D0775A241D7EF500A8D2DD /* BrochureController.swift in Sources */,
				71CF65A62424F38100F43EB9 /* ProtocolCell.swift in Sources */,
			);
			runOnlyForDeploymentPostprocessing = 0;
		};
/* End PBXSourcesBuildPhase section */

/* Begin PBXVariantGroup section */
		71CF1975240BEE10006EB9E0 /* Main.storyboard */ = {
			isa = PBXVariantGroup;
			children = (
				71CF1976240BEE10006EB9E0 /* Base */,
			);
			name = Main.storyboard;
			sourceTree = "<group>";
		};
		71CF197A240BEE10006EB9E0 /* LaunchScreen.storyboard */ = {
			isa = PBXVariantGroup;
			children = (
				71CF197B240BEE10006EB9E0 /* Base */,
			);
			name = LaunchScreen.storyboard;
			sourceTree = "<group>";
		};
/* End PBXVariantGroup section */

/* Begin XCBuildConfiguration section */
		71CF197E240BEE10006EB9E0 /* Debug */ = {
			isa = XCBuildConfiguration;
			buildSettings = {
				ALWAYS_SEARCH_USER_PATHS = NO;
				CLANG_CXX_LANGUAGE_STANDARD = "gnu++0x";
				CLANG_CXX_LIBRARY = "libc++";
				CLANG_ENABLE_MODULES = YES;
				CLANG_ENABLE_OBJC_ARC = YES;
				CLANG_WARN_BOOL_CONVERSION = YES;
				CLANG_WARN_CONSTANT_CONVERSION = YES;
				CLANG_WARN_DIRECT_OBJC_ISA_USAGE = YES_ERROR;
				CLANG_WARN_EMPTY_BODY = YES;
				CLANG_WARN_ENUM_CONVERSION = YES;
				CLANG_WARN_INT_CONVERSION = YES;
				CLANG_WARN_OBJC_ROOT_CLASS = YES_ERROR;
				CLANG_WARN_UNREACHABLE_CODE = YES;
				CLANG_WARN__DUPLICATE_METHOD_MATCH = YES;
				"CODE_SIGN_IDENTITY[sdk=iphoneos*]" = "iPhone Developer";
				COPY_PHASE_STRIP = NO;
				DEBUG_INFORMATION_FORMAT = dwarf;
				ENABLE_STRICT_OBJC_MSGSEND = YES;
				ENABLE_TESTABILITY = YES;
				GCC_C_LANGUAGE_STANDARD = gnu99;
				GCC_DYNAMIC_NO_PIC = NO;
				GCC_NO_COMMON_BLOCKS = YES;
				GCC_OPTIMIZATION_LEVEL = 0;
				GCC_PREPROCESSOR_DEFINITIONS = (
					"DEBUG=1",
					"$(inherited)",
				);
				GCC_WARN_64_TO_32_BIT_CONVERSION = YES;
				GCC_WARN_ABOUT_RETURN_TYPE = YES_ERROR;
				GCC_WARN_UNDECLARED_SELECTOR = YES;
				GCC_WARN_UNINITIALIZED_AUTOS = YES_AGGRESSIVE;
				GCC_WARN_UNUSED_FUNCTION = YES;
				GCC_WARN_UNUSED_VARIABLE = YES;
				IPHONEOS_DEPLOYMENT_TARGET = 9.0;
				MTL_ENABLE_DEBUG_INFO = YES;
				ONLY_ACTIVE_ARCH = YES;
				SDKROOT = iphoneos;
				SWIFT_OPTIMIZATION_LEVEL = "-Onone";
			};
			name = Debug;
		};
		71CF197F240BEE10006EB9E0 /* Release */ = {
			isa = XCBuildConfiguration;
			buildSettings = {
				ALWAYS_SEARCH_USER_PATHS = NO;
				CLANG_CXX_LANGUAGE_STANDARD = "gnu++0x";
				CLANG_CXX_LIBRARY = "libc++";
				CLANG_ENABLE_MODULES = YES;
				CLANG_ENABLE_OBJC_ARC = YES;
				CLANG_WARN_BOOL_CONVERSION = YES;
				CLANG_WARN_CONSTANT_CONVERSION = YES;
				CLANG_WARN_DIRECT_OBJC_ISA_USAGE = YES_ERROR;
				CLANG_WARN_EMPTY_BODY = YES;
				CLANG_WARN_ENUM_CONVERSION = YES;
				CLANG_WARN_INT_CONVERSION = YES;
				CLANG_WARN_OBJC_ROOT_CLASS = YES_ERROR;
				CLANG_WARN_UNREACHABLE_CODE = YES;
				CLANG_WARN__DUPLICATE_METHOD_MATCH = YES;
				"CODE_SIGN_IDENTITY[sdk=iphoneos*]" = "iPhone Developer";
				COPY_PHASE_STRIP = NO;
				DEBUG_INFORMATION_FORMAT = "dwarf-with-dsym";
				ENABLE_NS_ASSERTIONS = NO;
				ENABLE_STRICT_OBJC_MSGSEND = YES;
				GCC_C_LANGUAGE_STANDARD = gnu99;
				GCC_NO_COMMON_BLOCKS = YES;
				GCC_WARN_64_TO_32_BIT_CONVERSION = YES;
				GCC_WARN_ABOUT_RETURN_TYPE = YES_ERROR;
				GCC_WARN_UNDECLARED_SELECTOR = YES;
				GCC_WARN_UNINITIALIZED_AUTOS = YES_AGGRESSIVE;
				GCC_WARN_UNUSED_FUNCTION = YES;
				GCC_WARN_UNUSED_VARIABLE = YES;
				IPHONEOS_DEPLOYMENT_TARGET = 9.0;
				MTL_ENABLE_DEBUG_INFO = NO;
				SDKROOT = iphoneos;
				VALIDATE_PRODUCT = YES;
			};
			name = Release;
		};
		71CF1981240BEE10006EB9E0 /* Debug */ = {
			isa = XCBuildConfiguration;
			buildSettings = {
				ASSETCATALOG_COMPILER_APPICON_NAME = AppIcon;
				INFOPLIST_FILE = Timer/Info.plist;
				IPHONEOS_DEPLOYMENT_TARGET = 9.0;
				LD_RUNPATH_SEARCH_PATHS = "$(inherited) @executable_path/Frameworks";
				PRODUCT_BUNDLE_IDENTIFIER = univ.Timer;
				PRODUCT_NAME = "$(TARGET_NAME)";
			};
			name = Debug;
		};
		71CF1982240BEE10006EB9E0 /* Release */ = {
			isa = XCBuildConfiguration;
			buildSettings = {
				ASSETCATALOG_COMPILER_APPICON_NAME = AppIcon;
				INFOPLIST_FILE = Timer/Info.plist;
				IPHONEOS_DEPLOYMENT_TARGET = 9.0;
				LD_RUNPATH_SEARCH_PATHS = "$(inherited) @executable_path/Frameworks";
				PRODUCT_BUNDLE_IDENTIFIER = univ.Timer;
				PRODUCT_NAME = "$(TARGET_NAME)";
			};
			name = Release;
		};
/* End XCBuildConfiguration section */

/* Begin XCConfigurationList section */
		71CF1969240BEE10006EB9E0 /* Build configuration list for PBXProject "Timer" */ = {
			isa = XCConfigurationList;
			buildConfigurations = (
				71CF197E240BEE10006EB9E0 /* Debug */,
				71CF197F240BEE10006EB9E0 /* Release */,
			);
			defaultConfigurationIsVisible = 0;
			defaultConfigurationName = Release;
		};
		71CF1980240BEE10006EB9E0 /* Build configuration list for PBXNativeTarget "Timer" */ = {
			isa = XCConfigurationList;
			buildConfigurations = (
				71CF1981240BEE10006EB9E0 /* Debug */,
				71CF1982240BEE10006EB9E0 /* Release */,
			);
			defaultConfigurationIsVisible = 0;
			defaultConfigurationName = Release;
		};
/* End XCConfigurationList section */
	};
	rootObject = 71CF1966240BEE10006EB9E0 /* Project object */;
}
